{
  "name": "code_district",
  "requires": true,
  "lockfileVersion": 1,
  "dependencies": {
    "flatpickr": {
      "version": "4.1.2",
      "resolved": "https://registry.npmjs.org/flatpickr/-/flatpickr-4.1.2.tgz",
      "integrity": "sha512-XN5sWMPZgT0gFzYvRsuH9rWl5KJC6c2lEn0TVkDbADVfis4r5sU1ZWJBHMflhwI6zCVspEaNRZ5oPt/0hwEnog=="
    },
    "underscore": {
      "version": "1.8.3",
      "resolved": "https://registry.npmjs.org/underscore/-/underscore-1.8.3.tgz",
      "integrity": "sha1-Tz+1OxBuYJf8+ctBCfKl6b36UCI="
    }
  }
}
